// !$*UTF8*$!
{
	archiveVersion = 1;
	classes = {
	};
	objectVersion = 56;
	objects = {

/* Begin PBXBuildFile section */
		CE1B74942A46021500318137 /* Usuarios.swift in Sources */ = {isa = PBXBuildFile; fileRef = CE1B74932A46021500318137 /* Usuarios.swift */; };
		CEAB55E42A3CE0A5003B7794 /* CustomMenu_SideApp.swift in Sources */ = {isa = PBXBuildFile; fileRef = CEAB55E32A3CE0A5003B7794 /* CustomMenu_SideApp.swift */; };
		CEAB55E62A3CE0A5003B7794 /* MateriaisView.swift in Sources */ = {isa = PBXBuildFile; fileRef = CEAB55E52A3CE0A5003B7794 /* MateriaisView.swift */; };
		CEAB55E82A3CE0A7003B7794 /* Assets.xcassets in Resources */ = {isa = PBXBuildFile; fileRef = CEAB55E72A3CE0A7003B7794 /* Assets.xcassets */; };
		CEAB55EB2A3CE0A7003B7794 /* Preview Assets.xcassets in Resources */ = {isa = PBXBuildFile; fileRef = CEAB55EA2A3CE0A7003B7794 /* Preview Assets.xcassets */; };
		CEAB55F52A3CE0A8003B7794 /* CustomMenu_SideTests.swift in Sources */ = {isa = PBXBuildFile; fileRef = CEAB55F42A3CE0A8003B7794 /* CustomMenu_SideTests.swift */; };
		CEAB55FF2A3CE0A8003B7794 /* CustomMenu_SideUITests.swift in Sources */ = {isa = PBXBuildFile; fileRef = CEAB55FE2A3CE0A8003B7794 /* CustomMenu_SideUITests.swift */; };
		CEAB56012A3CE0A8003B7794 /* CustomMenu_SideUITestsLaunchTests.swift in Sources */ = {isa = PBXBuildFile; fileRef = CEAB56002A3CE0A8003B7794 /* CustomMenu_SideUITestsLaunchTests.swift */; };
		CEAB560F2A3CE0D6003B7794 /* MainView.swift in Sources */ = {isa = PBXBuildFile; fileRef = CEAB560E2A3CE0D6003B7794 /* MainView.swift */; };
		CEAB56112A3CE27F003B7794 /* SideMenu.swift in Sources */ = {isa = PBXBuildFile; fileRef = CEAB56102A3CE27F003B7794 /* SideMenu.swift */; };
		CEAB56132A44ADF2003B7794 /* CustomTabView.swift in Sources */ = {isa = PBXBuildFile; fileRef = CEAB56122A44ADF2003B7794 /* CustomTabView.swift */; };
		CEB4E8382A44CFF000AAC225 /* Home.swift in Sources */ = {isa = PBXBuildFile; fileRef = CEB4E8372A44CFF000AAC225 /* Home.swift */; };
		CEB4E83A2A44DC4F00AAC225 /* Materiais.swift in Sources */ = {isa = PBXBuildFile; fileRef = CEB4E8392A44DC4F00AAC225 /* Materiais.swift */; };
/* End PBXBuildFile section */

/* Begin PBXContainerItemProxy section */
		CEAB55F12A3CE0A8003B7794 /* PBXContainerItemProxy */ = {
			isa = PBXContainerItemProxy;
			containerPortal = CEAB55D82A3CE0A5003B7794 /* Project object */;
			proxyType = 1;
			remoteGlobalIDString = CEAB55DF2A3CE0A5003B7794;
			remoteInfo = CustomMenu_Side;
		};
		CEAB55FB2A3CE0A8003B7794 /* PBXContainerItemProxy */ = {
			isa = PBXContainerItemProxy;
			containerPortal = CEAB55D82A3CE0A5003B7794 /* Project object */;
			proxyType = 1;
			remoteGlobalIDString = CEAB55DF2A3CE0A5003B7794;
			remoteInfo = CustomMenu_Side;
		};
/* End PBXContainerItemProxy section */

/* Begin PBXFileReference section */
		CE1B74932A46021500318137 /* Usuarios.swift */ = {isa = PBXFileReference; lastKnownFileType = sourcecode.swift; path = Usuarios.swift; sourceTree = "<group>"; };
		CEAB55E02A3CE0A5003B7794 /* CustomMenu_Side.app */ = {isa = PBXFileReference; explicitFileType = wrapper.application; includeInIndex = 0; path = CustomMenu_Side.app; sourceTree = BUILT_PRODUCTS_DIR; };
		CEAB55E32A3CE0A5003B7794 /* CustomMenu_SideApp.swift */ = {isa = PBXFileReference; lastKnownFileType = sourcecode.swift; path = CustomMenu_SideApp.swift; sourceTree = "<group>"; };
		CEAB55E52A3CE0A5003B7794 /* MateriaisView.swift */ = {isa = PBXFileReference; lastKnownFileType = sourcecode.swift; path = MateriaisView.swift; sourceTree = "<group>"; };
		CEAB55E72A3CE0A7003B7794 /* Assets.xcassets */ = {isa = PBXFileReference; lastKnownFileType = folder.assetcatalog; path = Assets.xcassets; sourceTree = "<group>"; };
		CEAB55EA2A3CE0A7003B7794 /* Preview Assets.xcassets */ = {isa = PBXFileReference; lastKnownFileType = folder.assetcatalog; path = "Preview Assets.xcassets"; sourceTree = "<group>"; };
		CEAB55F02A3CE0A8003B7794 /* CustomMenu_SideTests.xctest */ = {isa = PBXFileReference; explicitFileType = wrapper.cfbundle; includeInIndex = 0; path = CustomMenu_SideTests.xctest; sourceTree = BUILT_PRODUCTS_DIR; };
		CEAB55F42A3CE0A8003B7794 /* CustomMenu_SideTests.swift */ = {isa = PBXFileReference; lastKnownFileType = sourcecode.swift; path = CustomMenu_SideTests.swift; sourceTree = "<group>"; };
		CEAB55FA2A3CE0A8003B7794 /* CustomMenu_SideUITests.xctest */ = {isa = PBXFileReference; explicitFileType = wrapper.cfbundle; includeInIndex = 0; path = CustomMenu_SideUITests.xctest; sourceTree = BUILT_PRODUCTS_DIR; };
		CEAB55FE2A3CE0A8003B7794 /* CustomMenu_SideUITests.swift */ = {isa = PBXFileReference; lastKnownFileType = sourcecode.swift; path = CustomMenu_SideUITests.swift; sourceTree = "<group>"; };
		CEAB56002A3CE0A8003B7794 /* CustomMenu_SideUITestsLaunchTests.swift */ = {isa = PBXFileReference; lastKnownFileType = sourcecode.swift; path = CustomMenu_SideUITestsLaunchTests.swift; sourceTree = "<group>"; };
		CEAB560E2A3CE0D6003B7794 /* MainView.swift */ = {isa = PBXFileReference; lastKnownFileType = sourcecode.swift; path = MainView.swift; sourceTree = "<group>"; };
		CEAB56102A3CE27F003B7794 /* SideMenu.swift */ = {isa = PBXFileReference; lastKnownFileType = sourcecode.swift; path = SideMenu.swift; sourceTree = "<group>"; };
		CEAB56122A44ADF2003B7794 /* CustomTabView.swift */ = {isa = PBXFileReference; lastKnownFileType = sourcecode.swift; path = CustomTabView.swift; sourceTree = "<group>"; };
		CEB4E8372A44CFF000AAC225 /* Home.swift */ = {isa = PBXFileReference; lastKnownFileType = sourcecode.swift; path = Home.swift; sourceTree = "<group>"; };
		CEB4E8392A44DC4F00AAC225 /* Materiais.swift */ = {isa = PBXFileReference; lastKnownFileType = sourcecode.swift; path = Materiais.swift; sourceTree = "<group>"; };
/* End PBXFileReference section */

/* Begin PBXFrameworksBuildPhase section */
		CEAB55DD2A3CE0A5003B7794 /* Frameworks */ = {
			isa = PBXFrameworksBuildPhase;
			buildActionMask = 2147483647;
			files = (
			);
			runOnlyForDeploymentPostprocessing = 0;
		};
		CEAB55ED2A3CE0A8003B7794 /* Frameworks */ = {
			isa = PBXFrameworksBuildPhase;
			buildActionMask = 2147483647;
			files = (
			);
			runOnlyForDeploymentPostprocessing = 0;
		};
		CEAB55F72A3CE0A8003B7794 /* Frameworks */ = {
			isa = PBXFrameworksBuildPhase;
			buildActionMask = 2147483647;
			files = (
			);
			runOnlyForDeploymentPostprocessing = 0;
		};
/* End PBXFrameworksBuildPhase section */

/* Begin PBXGroup section */
		CEAB55D72A3CE0A5003B7794 = {
			isa = PBXGroup;
			children = (
				CEAB55E22A3CE0A5003B7794 /* CustomMenu_Side */,
				CEAB55F32A3CE0A8003B7794 /* CustomMenu_SideTests */,
				CEAB55FD2A3CE0A8003B7794 /* CustomMenu_SideUITests */,
				CEAB55E12A3CE0A5003B7794 /* Products */,
			);
			sourceTree = "<group>";
		};
		CEAB55E12A3CE0A5003B7794 /* Products */ = {
			isa = PBXGroup;
			children = (
				CEAB55E02A3CE0A5003B7794 /* CustomMenu_Side.app */,
				CEAB55F02A3CE0A8003B7794 /* CustomMenu_SideTests.xctest */,
				CEAB55FA2A3CE0A8003B7794 /* CustomMenu_SideUITests.xctest */,
			);
			name = Products;
			sourceTree = "<group>";
		};
		CEAB55E22A3CE0A5003B7794 /* CustomMenu_Side */ = {
			isa = PBXGroup;
			children = (
				CEAB560D2A3CE0BE003B7794 /* View */,
				CEAB55E32A3CE0A5003B7794 /* CustomMenu_SideApp.swift */,
				CEAB55E52A3CE0A5003B7794 /* MateriaisView.swift */,
				CEAB55E72A3CE0A7003B7794 /* Assets.xcassets */,
				CEAB55E92A3CE0A7003B7794 /* Preview Content */,
			);
			path = CustomMenu_Side;
			sourceTree = "<group>";
		};
		CEAB55E92A3CE0A7003B7794 /* Preview Content */ = {
			isa = PBXGroup;
			children = (
				CEAB55EA2A3CE0A7003B7794 /* Preview Assets.xcassets */,
			);
			path = "Preview Content";
			sourceTree = "<group>";
		};
		CEAB55F32A3CE0A8003B7794 /* CustomMenu_SideTests */ = {
			isa = PBXGroup;
			children = (
				CEAB55F42A3CE0A8003B7794 /* CustomMenu_SideTests.swift */,
			);
			path = CustomMenu_SideTests;
			sourceTree = "<group>";
		};
		CEAB55FD2A3CE0A8003B7794 /* CustomMenu_SideUITests */ = {
			isa = PBXGroup;
			children = (
				CEAB55FE2A3CE0A8003B7794 /* CustomMenu_SideUITests.swift */,
				CEAB56002A3CE0A8003B7794 /* CustomMenu_SideUITestsLaunchTests.swift */,
			);
			path = CustomMenu_SideUITests;
			sourceTree = "<group>";
		};
		CEAB560D2A3CE0BE003B7794 /* View */ = {
			isa = PBXGroup;
			children = (
				CEB4E8362A44CFC900AAC225 /* Tabs */,
				CEAB560E2A3CE0D6003B7794 /* MainView.swift */,
				CEAB56102A3CE27F003B7794 /* SideMenu.swift */,
				CEAB56122A44ADF2003B7794 /* CustomTabView.swift */,
			);
			path = View;
			sourceTree = "<group>";
		};
		CEB4E8362A44CFC900AAC225 /* Tabs */ = {
			isa = PBXGroup;
			children = (
				CEB4E8372A44CFF000AAC225 /* Home.swift */,
				CEB4E8392A44DC4F00AAC225 /* Materiais.swift */,
				CE1B74932A46021500318137 /* Usuarios.swift */,
			);
			path = Tabs;
			sourceTree = "<group>";
		};
/* End PBXGroup section */

/* Begin PBXNativeTarget section */
		CEAB55DF2A3CE0A5003B7794 /* CustomMenu_Side */ = {
			isa = PBXNativeTarget;
			buildConfigurationList = CEAB56042A3CE0A8003B7794 /* Build configuration list for PBXNativeTarget "CustomMenu_Side" */;
			buildPhases = (
				CEAB55DC2A3CE0A5003B7794 /* Sources */,
				CEAB55DD2A3CE0A5003B7794 /* Frameworks */,
				CEAB55DE2A3CE0A5003B7794 /* Resources */,
			);
			buildRules = (
			);
			dependencies = (
			);
			name = CustomMenu_Side;
			productName = CustomMenu_Side;
			productReference = CEAB55E02A3CE0A5003B7794 /* CustomMenu_Side.app */;
			productType = "com.apple.product-type.application";
		};
		CEAB55EF2A3CE0A8003B7794 /* CustomMenu_SideTests */ = {
			isa = PBXNativeTarget;
			buildConfigurationList = CEAB56072A3CE0A8003B7794 /* Build configuration list for PBXNativeTarget "CustomMenu_SideTests" */;
			buildPhases = (
				CEAB55EC2A3CE0A8003B7794 /* Sources */,
				CEAB55ED2A3CE0A8003B7794 /* Frameworks */,
				CEAB55EE2A3CE0A8003B7794 /* Resources */,
			);
			buildRules = (
			);
			dependencies = (
				CEAB55F22A3CE0A8003B7794 /* PBXTargetDependency */,
			);
			name = CustomMenu_SideTests;
			productName = CustomMenu_SideTests;
			productReference = CEAB55F02A3CE0A8003B7794 /* CustomMenu_SideTests.xctest */;
			productType = "com.apple.product-type.bundle.unit-test";
		};
		CEAB55F92A3CE0A8003B7794 /* CustomMenu_SideUITests */ = {
			isa = PBXNativeTarget;
			buildConfigurationList = CEAB560A2A3CE0A8003B7794 /* Build configuration list for PBXNativeTarget "CustomMenu_SideUITests" */;
			buildPhases = (
				CEAB55F62A3CE0A8003B7794 /* Sources */,
				CEAB55F72A3CE0A8003B7794 /* Frameworks */,
				CEAB55F82A3CE0A8003B7794 /* Resources */,
			);
			buildRules = (
			);
			dependencies = (
				CEAB55FC2A3CE0A8003B7794 /* PBXTargetDependency */,
			);
			name = CustomMenu_SideUITests;
			productName = CustomMenu_SideUITests;
			productReference = CEAB55FA2A3CE0A8003B7794 /* CustomMenu_SideUITests.xctest */;
			productType = "com.apple.product-type.bundle.ui-testing";
		};
/* End PBXNativeTarget section */

/* Begin PBXProject section */
		CEAB55D82A3CE0A5003B7794 /* Project object */ = {
			isa = PBXProject;
			attributes = {
				BuildIndependentTargetsInParallel = 1;
				LastSwiftUpdateCheck = 1410;
				LastUpgradeCheck = 1410;
				TargetAttributes = {
					CEAB55DF2A3CE0A5003B7794 = {
						CreatedOnToolsVersion = 14.1;
					};
					CEAB55EF2A3CE0A8003B7794 = {
						CreatedOnToolsVersion = 14.1;
						TestTargetID = CEAB55DF2A3CE0A5003B7794;
					};
					CEAB55F92A3CE0A8003B7794 = {
						CreatedOnToolsVersion = 14.1;
						TestTargetID = CEAB55DF2A3CE0A5003B7794;
					};
				};
			};
			buildConfigurationList = CEAB55DB2A3CE0A5003B7794 /* Build configuration list for PBXProject "CustomMenu_Side" */;
			compatibilityVersion = "Xcode 14.0";
			developmentRegion = en;
			hasScannedForEncodings = 0;
			knownRegions = (
				en,
				Base,
			);
			mainGroup = CEAB55D72A3CE0A5003B7794;
			productRefGroup = CEAB55E12A3CE0A5003B7794 /* Products */;
			projectDirPath = "";
			projectRoot = "";
			targets = (
				CEAB55DF2A3CE0A5003B7794 /* CustomMenu_Side */,
				CEAB55EF2A3CE0A8003B7794 /* CustomMenu_SideTests */,
				CEAB55F92A3CE0A8003B7794 /* CustomMenu_SideUITests */,
			);
		};
/* End PBXProject section */

/* Begin PBXResourcesBuildPhase section */
		CEAB55DE2A3CE0A5003B7794 /* Resources */ = {
			isa = PBXResourcesBuildPhase;
			buildActionMask = 2147483647;
			files = (
				CEAB55EB2A3CE0A7003B7794 /* Preview Assets.xcassets in Resources */,
				CEAB55E82A3CE0A7003B7794 /* Assets.xcassets in Resources */,
			);
			runOnlyForDeploymentPostprocessing = 0;
		};
		CEAB55EE2A3CE0A8003B7794 /* Resources */ = {
			isa = PBXResourcesBuildPhase;
			buildActionMask = 2147483647;
			files = (
			);
			runOnlyForDeploymentPostprocessing = 0;
		};
		CEAB55F82A3CE0A8003B7794 /* Resources */ = {
			isa = PBXResourcesBuildPhase;
			buildActionMask = 2147483647;
			files = (
			);
			runOnlyForDeploymentPostprocessing = 0;
		};
/* End PBXResourcesBuildPhase section */

/* Begin PBXSourcesBuildPhase section */
		CEAB55DC2A3CE0A5003B7794 /* Sources */ = {
			isa = PBXSourcesBuildPhase;
			buildActionMask = 2147483647;
			files = (
				CEAB55E62A3CE0A5003B7794 /* MateriaisView.swift in Sources */,
				CEAB560F2A3CE0D6003B7794 /* MainView.swift in Sources */,
				CEAB56132A44ADF2003B7794 /* CustomTabView.swift in Sources */,
				CEB4E83A2A44DC4F00AAC225 /* Materiais.swift in Sources */,
				CE1B74942A46021500318137 /* Usuarios.swift in Sources */,
				CEAB55E42A3CE0A5003B7794 /* CustomMenu_SideApp.swift in Sources */,
				CEB4E8382A44CFF000AAC225 /* Home.swift in Sources */,
				CEAB56112A3CE27F003B7794 /* SideMenu.swift in Sources */,
			);
			runOnlyForDeploymentPostprocessing = 0;
		};
		CEAB55EC2A3CE0A8003B7794 /* Sources */ = {
			isa = PBXSourcesBuildPhase;
			buildActionMask = 2147483647;
			files = (
				CEAB55F52A3CE0A8003B7794 /* CustomMenu_SideTests.swift in Sources */,
			);
			runOnlyForDeploymentPostprocessing = 0;
		};
		CEAB55F62A3CE0A8003B7794 /* Sources */ = {
			isa = PBXSourcesBuildPhase;
			buildActionMask = 2147483647;
			files = (
				CEAB55FF2A3CE0A8003B7794 /* CustomMenu_SideUITests.swift in Sources */,
				CEAB56012A3CE0A8003B7794 /* CustomMenu_SideUITestsLaunchTests.swift in Sources */,
			);
			runOnlyForDeploymentPostprocessing = 0;
		};
/* End PBXSourcesBuildPhase section */

/* Begin PBXTargetDependency section */
		CEAB55F22A3CE0A8003B7794 /* PBXTargetDependency */ = {
			isa = PBXTargetDependency;
			target = CEAB55DF2A3CE0A5003B7794 /* CustomMenu_Side */;
			targetProxy = CEAB55F12A3CE0A8003B7794 /* PBXContainerItemProxy */;
		};
		CEAB55FC2A3CE0A8003B7794 /* PBXTargetDependency */ = {
			isa = PBXTargetDependency;
			target = CEAB55DF2A3CE0A5003B7794 /* CustomMenu_Side */;
			targetProxy = CEAB55FB2A3CE0A8003B7794 /* PBXContainerItemProxy */;
		};
/* End PBXTargetDependency section */

/* Begin XCBuildConfiguration section */
		CEAB56022A3CE0A8003B7794 /* Debug */ = {
			isa = XCBuildConfiguration;
			buildSettings = {
				ALWAYS_SEARCH_USER_PATHS = NO;
				CLANG_ANALYZER_NONNULL = YES;
				CLANG_ANALYZER_NUMBER_OBJECT_CONVERSION = YES_AGGRESSIVE;
				CLANG_CXX_LANGUAGE_STANDARD = "gnu++20";
				CLANG_ENABLE_MODULES = YES;
				CLANG_ENABLE_OBJC_ARC = YES;
				CLANG_ENABLE_OBJC_WEAK = YES;
				CLANG_WARN_BLOCK_CAPTURE_AUTORELEASING = YES;
				CLANG_WARN_BOOL_CONVERSION = YES;
				CLANG_WARN_COMMA = YES;
				CLANG_WARN_CONSTANT_CONVERSION = YES;
				CLANG_WARN_DEPRECATED_OBJC_IMPLEMENTATIONS = YES;
				CLANG_WARN_DIRECT_OBJC_ISA_USAGE = YES_ERROR;
				CLANG_WARN_DOCUMENTATION_COMMENTS = YES;
				CLANG_WARN_EMPTY_BODY = YES;
				CLANG_WARN_ENUM_CONVERSION = YES;
				CLANG_WARN_INFINITE_RECURSION = YES;
				CLANG_WARN_INT_CONVERSION = YES;
				CLANG_WARN_NON_LITERAL_NULL_CONVERSION = YES;
				CLANG_WARN_OBJC_IMPLICIT_RETAIN_SELF = YES;
				CLANG_WARN_OBJC_LITERAL_CONVERSION = YES;
				CLANG_WARN_OBJC_ROOT_CLASS = YES_ERROR;
				CLANG_WARN_QUOTED_INCLUDE_IN_FRAMEWORK_HEADER = YES;
				CLANG_WARN_RANGE_LOOP_ANALYSIS = YES;
				CLANG_WARN_STRICT_PROTOTYPES = YES;
				CLANG_WARN_SUSPICIOUS_MOVE = YES;
				CLANG_WARN_UNGUARDED_AVAILABILITY = YES_AGGRESSIVE;
				CLANG_WARN_UNREACHABLE_CODE = YES;
				CLANG_WARN__DUPLICATE_METHOD_MATCH = YES;
				COPY_PHASE_STRIP = NO;
				DEBUG_INFORMATION_FORMAT = dwarf;
				ENABLE_STRICT_OBJC_MSGSEND = YES;
				ENABLE_TESTABILITY = YES;
				GCC_C_LANGUAGE_STANDARD = gnu11;
				GCC_DYNAMIC_NO_PIC = NO;
				GCC_NO_COMMON_BLOCKS = YES;
				GCC_OPTIMIZATION_LEVEL = 0;
				GCC_PREPROCESSOR_DEFINITIONS = (
					"DEBUG=1",
					"$(inherited)",
				);
				GCC_WARN_64_TO_32_BIT_CONVERSION = YES;
				GCC_WARN_ABOUT_RETURN_TYPE = YES_ERROR;
				GCC_WARN_UNDECLARED_SELECTOR = YES;
				GCC_WARN_UNINITIALIZED_AUTOS = YES_AGGRESSIVE;
				GCC_WARN_UNUSED_FUNCTION = YES;
				GCC_WARN_UNUSED_VARIABLE = YES;
				IPHONEOS_DEPLOYMENT_TARGET = 16.1;
				MTL_ENABLE_DEBUG_INFO = INCLUDE_SOURCE;
				MTL_FAST_MATH = YES;
				ONLY_ACTIVE_ARCH = YES;
				SDKROOT = iphoneos;
				SWIFT_ACTIVE_COMPILATION_CONDITIONS = DEBUG;
				SWIFT_OPTIMIZATION_LEVEL = "-Onone";
			};
			name = Debug;
		};
		CEAB56032A3CE0A8003B7794 /* Release */ = {
			isa = XCBuildConfiguration;
			buildSettings = {
				ALWAYS_SEARCH_USER_PATHS = NO;
				CLANG_ANALYZER_NONNULL = YES;
				CLANG_ANALYZER_NUMBER_OBJECT_CONVERSION = YES_AGGRESSIVE;
				CLANG_CXX_LANGUAGE_STANDARD = "gnu++20";
				CLANG_ENABLE_MODULES = YES;
				CLANG_ENABLE_OBJC_ARC = YES;
				CLANG_ENABLE_OBJC_WEAK = YES;
				CLANG_WARN_BLOCK_CAPTURE_AUTORELEASING = YES;
				CLANG_WARN_BOOL_CONVERSION = YES;
				CLANG_WARN_COMMA = YES;
				CLANG_WARN_CONSTANT_CONVERSION = YES;
				CLANG_WARN_DEPRECATED_OBJC_IMPLEMENTATIONS = YES;
				CLANG_WARN_DIRECT_OBJC_ISA_USAGE = YES_ERROR;
				CLANG_WARN_DOCUMENTATION_COMMENTS = YES;
				CLANG_WARN_EMPTY_BODY = YES;
				CLANG_WARN_ENUM_CONVERSION = YES;
				CLANG_WARN_INFINITE_RECURSION = YES;
				CLANG_WARN_INT_CONVERSION = YES;
				CLANG_WARN_NON_LITERAL_NULL_CONVERSION = YES;
				CLANG_WARN_OBJC_IMPLICIT_RETAIN_SELF = YES;
				CLANG_WARN_OBJC_LITERAL_CONVERSION = YES;
				CLANG_WARN_OBJC_ROOT_CLASS = YES_ERROR;
				CLANG_WARN_QUOTED_INCLUDE_IN_FRAMEWORK_HEADER = YES;
				CLANG_WARN_RANGE_LOOP_ANALYSIS = YES;
				CLANG_WARN_STRICT_PROTOTYPES = YES;
				CLANG_WARN_SUSPICIOUS_MOVE = YES;
				CLANG_WARN_UNGUARDED_AVAILABILITY = YES_AGGRESSIVE;
				CLANG_WARN_UNREACHABLE_CODE = YES;
				CLANG_WARN__DUPLICATE_METHOD_MATCH = YES;
				COPY_PHASE_STRIP = NO;
				DEBUG_INFORMATION_FORMAT = "dwarf-with-dsym";
				ENABLE_NS_ASSERTIONS = NO;
				ENABLE_STRICT_OBJC_MSGSEND = YES;
				GCC_C_LANGUAGE_STANDARD = gnu11;
				GCC_NO_COMMON_BLOCKS = YES;
				GCC_WARN_64_TO_32_BIT_CONVERSION = YES;
				GCC_WARN_ABOUT_RETURN_TYPE = YES_ERROR;
				GCC_WARN_UNDECLARED_SELECTOR = YES;
				GCC_WARN_UNINITIALIZED_AUTOS = YES_AGGRESSIVE;
				GCC_WARN_UNUSED_FUNCTION = YES;
				GCC_WARN_UNUSED_VARIABLE = YES;
				IPHONEOS_DEPLOYMENT_TARGET = 16.1;
				MTL_ENABLE_DEBUG_INFO = NO;
				MTL_FAST_MATH = YES;
				SDKROOT = iphoneos;
				SWIFT_COMPILATION_MODE = wholemodule;
				SWIFT_OPTIMIZATION_LEVEL = "-O";
				VALIDATE_PRODUCT = YES;
			};
			name = Release;
		};
		CEAB56052A3CE0A8003B7794 /* Debug */ = {
			isa = XCBuildConfiguration;
			buildSettings = {
				ASSETCATALOG_COMPILER_APPICON_NAME = AppIcon;
				ASSETCATALOG_COMPILER_GLOBAL_ACCENT_COLOR_NAME = AccentColor;
				CODE_SIGN_STYLE = Automatic;
				CURRENT_PROJECT_VERSION = 1;
				DEVELOPMENT_ASSET_PATHS = "\"CustomMenu_Side/Preview Content\"";
				ENABLE_PREVIEWS = YES;
				GENERATE_INFOPLIST_FILE = YES;
				INFOPLIST_KEY_UIApplicationSceneManifest_Generation = YES;
				INFOPLIST_KEY_UIApplicationSupportsIndirectInputEvents = YES;
				INFOPLIST_KEY_UILaunchScreen_Generation = YES;
				INFOPLIST_KEY_UISupportedInterfaceOrientations_iPad = "UIInterfaceOrientationPortrait UIInterfaceOrientationPortraitUpsideDown UIInterfaceOrientationLandscapeLeft UIInterfaceOrientationLandscapeRight";
				INFOPLIST_KEY_UISupportedInterfaceOrientations_iPhone = "UIInterfaceOrientationPortrait UIInterfaceOrientationLandscapeLeft UIInterfaceOrientationLandscapeRight";
				LD_RUNPATH_SEARCH_PATHS = (
					"$(inherited)",
					"@executable_path/Frameworks",
				);
				MARKETING_VERSION = 1.0;
				PRODUCT_BUNDLE_IDENTIFIER = "Concientizar.CustomMenu-Side";
				PRODUCT_NAME = "$(TARGET_NAME)";
				SWIFT_EMIT_LOC_STRINGS = YES;
				SWIFT_VERSION = 5.0;
				TARGETED_DEVICE_FAMILY = "1,2";
			};
			name = Debug;
		};
		CEAB56062A3CE0A8003B7794 /* Release */ = {
			isa = XCBuildConfiguration;
			buildSettings = {
				ASSETCATALOG_COMPILER_APPICON_NAME = AppIcon;
				ASSETCATALOG_COMPILER_GLOBAL_ACCENT_COLOR_NAME = AccentColor;
				CODE_SIGN_STYLE = Automatic;
				CURRENT_PROJECT_VERSION = 1;
				DEVELOPMENT_ASSET_PATHS = "\"CustomMenu_Side/Preview Content\"";
				ENABLE_PREVIEWS = YES;
				GENERATE_INFOPLIST_FILE = YES;
				INFOPLIST_KEY_UIApplicationSceneManifest_Generation = YES;
				INFOPLIST_KEY_UIApplicationSupportsIndirectInputEvents = YES;
				INFOPLIST_KEY_UILaunchScreen_Generation = YES;
				INFOPLIST_KEY_UISupportedInterfaceOrientations_iPad = "UIInterfaceOrientationPortrait UIInterfaceOrientationPortraitUpsideDown UIInterfaceOrientationLandscapeLeft UIInterfaceOrientationLandscapeRight";
				INFOPLIST_KEY_UISupportedInterfaceOrientations_iPhone = "UIInterfaceOrientationPortrait UIInterfaceOrientationLandscapeLeft UIInterfaceOrientationLandscapeRight";
				LD_RUNPATH_SEARCH_PATHS = (
					"$(inherited)",
					"@executable_path/Frameworks",
				);
				MARKETING_VERSION = 1.0;
				PRODUCT_BUNDLE_IDENTIFIER = "Concientizar.CustomMenu-Side";
				PRODUCT_NAME = "$(TARGET_NAME)";
				SWIFT_EMIT_LOC_STRINGS = YES;
				SWIFT_VERSION = 5.0;
				TARGETED_DEVICE_FAMILY = "1,2";
			};
			name = Release;
		};
		CEAB56082A3CE0A8003B7794 /* Debug */ = {
			isa = XCBuildConfiguration;
			buildSettings = {
				ALWAYS_EMBED_SWIFT_STANDARD_LIBRARIES = YES;
				BUNDLE_LOADER = "$(TEST_HOST)";
				CODE_SIGN_STYLE = Automatic;
				CURRENT_PROJECT_VERSION = 1;
				GENERATE_INFOPLIST_FILE = YES;
				IPHONEOS_DEPLOYMENT_TARGET = 16.1;
				MARKETING_VERSION = 1.0;
				PRODUCT_BUNDLE_IDENTIFIER = "Concientizar.CustomMenu-SideTests";
				PRODUCT_NAME = "$(TARGET_NAME)";
				SWIFT_EMIT_LOC_STRINGS = NO;
				SWIFT_VERSION = 5.0;
				TARGETED_DEVICE_FAMILY = "1,2";
				TEST_HOST = "$(BUILT_PRODUCTS_DIR)/CustomMenu_Side.app/$(BUNDLE_EXECUTABLE_FOLDER_PATH)/CustomMenu_Side";
			};
			name = Debug;
		};
		CEAB56092A3CE0A8003B7794 /* Release */ = {
			isa = XCBuildConfiguration;
			buildSettings = {
				ALWAYS_EMBED_SWIFT_STANDARD_LIBRARIES = YES;
				BUNDLE_LOADER = "$(TEST_HOST)";
				CODE_SIGN_STYLE = Automatic;
				CURRENT_PROJECT_VERSION = 1;
				GENERATE_INFOPLIST_FILE = YES;
				IPHONEOS_DEPLOYMENT_TARGET = 16.1;
				MARKETING_VERSION = 1.0;
				PRODUCT_BUNDLE_IDENTIFIER = "Concientizar.CustomMenu-SideTests";
				PRODUCT_NAME = "$(TARGET_NAME)";
				SWIFT_EMIT_LOC_STRINGS = NO;
				SWIFT_VERSION = 5.0;
				TARGETED_DEVICE_FAMILY = "1,2";
				TEST_HOST = "$(BUILT_PRODUCTS_DIR)/CustomMenu_Side.app/$(BUNDLE_EXECUTABLE_FOLDER_PATH)/CustomMenu_Side";
			};
			name = Release;
		};
		CEAB560B2A3CE0A8003B7794 /* Debug */ = {
			isa = XCBuildConfiguration;
			buildSettings = {
				ALWAYS_EMBED_SWIFT_STANDARD_LIBRARIES = YES;
				CODE_SIGN_STYLE = Automatic;
				CURRENT_PROJECT_VERSION = 1;
				GENERATE_INFOPLIST_FILE = YES;
				MARKETING_VERSION = 1.0;
				PRODUCT_BUNDLE_IDENTIFIER = "Concientizar.CustomMenu-SideUITests";
				PRODUCT_NAME = "$(TARGET_NAME)";
				SWIFT_EMIT_LOC_STRINGS = NO;
				SWIFT_VERSION = 5.0;
				TARGETED_DEVICE_FAMILY = "1,2";
				TEST_TARGET_NAME = CustomMenu_Side;
			};
			name = Debug;
		};
		CEAB560C2A3CE0A8003B7794 /* Release */ = {
			isa = XCBuildConfiguration;
			buildSettings = {
				ALWAYS_EMBED_SWIFT_STANDARD_LIBRARIES = YES;
				CODE_SIGN_STYLE = Automatic;
				CURRENT_PROJECT_VERSION = 1;
				GENERATE_INFOPLIST_FILE = YES;
				MARKETING_VERSION = 1.0;
				PRODUCT_BUNDLE_IDENTIFIER = "Concientizar.CustomMenu-SideUITests";
				PRODUCT_NAME = "$(TARGET_NAME)";
				SWIFT_EMIT_LOC_STRINGS = NO;
				SWIFT_VERSION = 5.0;
				TARGETED_DEVICE_FAMILY = "1,2";
				TEST_TARGET_NAME = CustomMenu_Side;
			};
			name = Release;
		};
/* End XCBuildConfiguration section */

/* Begin XCConfigurationList section */
		CEAB55DB2A3CE0A5003B7794 /* Build configuration list for PBXProject "CustomMenu_Side" */ = {
			isa = XCConfigurationList;
			buildConfigurations = (
				CEAB56022A3CE0A8003B7794 /* Debug */,
				CEAB56032A3CE0A8003B7794 /* Release */,
			);
			defaultConfigurationIsVisible = 0;
			defaultConfigurationName = Release;
		};
		CEAB56042A3CE0A8003B7794 /* Build configuration list for PBXNativeTarget "CustomMenu_Side" */ = {
			isa = XCConfigurationList;
			buildConfigurations = (
				CEAB56052A3CE0A8003B7794 /* Debug */,
				CEAB56062A3CE0A8003B7794 /* Release */,
			);
			defaultConfigurationIsVisible = 0;
			defaultConfigurationName = Release;
		};
		CEAB56072A3CE0A8003B7794 /* Build configuration list for PBXNativeTarget "CustomMenu_SideTests" */ = {
			isa = XCConfigurationList;
			buildConfigurations = (
				CEAB56082A3CE0A8003B7794 /* Debug */,
				CEAB56092A3CE0A8003B7794 /* Release */,
			);
			defaultConfigurationIsVisible = 0;
			defaultConfigurationName = Release;
		};
		CEAB560A2A3CE0A8003B7794 /* Build configuration list for PBXNativeTarget "CustomMenu_SideUITests" */ = {
			isa = XCConfigurationList;
			buildConfigurations = (
				CEAB560B2A3CE0A8003B7794 /* Debug */,
				CEAB560C2A3CE0A8003B7794 /* Release */,
			);
			defaultConfigurationIsVisible = 0;
			defaultConfigurationName = Release;
		};
/* End XCConfigurationList section */
	};
	rootObject = CEAB55D82A3CE0A5003B7794 /* Project object */;
}
